<?xml version="1.0" encoding="UTF-8" standalone="yes" ?>
<CodeBlocks_project_file>
	<FileVersion major="1" minor="6" />
	<Project>
		<Option title="winPixel" />
		<Option pch_mode="2" />
		<Option compiler="gcc" />
		<Build>
			<Target title="Debug">
				<Option output="debugWinPixel" prefix_auto="1" extension_auto="1" />
				<Option object_output="../winPixel" />
				<Option external_deps="../../../../../Windows/System32/comctl32.dll;" />
				<Option type="1" />
				<Option compiler="mingw32_new" />
				<Compiler>
					<Add option="-g" />
				</Compiler>
				<Linker>
					<Add library="../../../../../Windows/System32/ole32.dll" />
					<Add library="../../../../../Windows/System32/oleaut32.dll" />
				</Linker>
			</Target>
			<Target title="Release">
				<Option output="winPixel" prefix_auto="1" extension_auto="1" />
				<Option object_output="../winPixel" />
				<Option external_deps="../../../../../Windows/System32/comctl32.dll;" />
				<Option type="0" />
				<Option compiler="mingw32_new" />
				<Compiler>
					<Add option="-O2" />
				</Compiler>
				<Linker>
					<Add option="-s" />
					<Add library="../../../../../Windows/System32/ole32.dll" />
					<Add library="../../../../../Windows/System32/oleaut32.dll" />
				</Linker>
			</Target>
		</Build>
		<Compiler>
			<Add option="-Wall" />
		</Compiler>
		<Linker>
			<Add library="gdi32" />
			<Add library="user32" />
			<Add library="kernel32" />
			<Add library="comctl32" />
			<Add library="../../../../../Windows/System32/ole32.dll" />
			<Add library="../../../../../Windows/System32/oleaut32.dll" />
		</Linker>
		<Unit filename="error_handling.cpp" />
		<Unit filename="error_handling.h" />
		<Unit filename="file_IO.cpp" />
		<Unit filename="file_IO.h" />
		<Unit filename="main.cpp" />
		<Unit filename="user_interface.h" />
		<Unit filename="user_interface.rc">
			<Option compilerVar="WINDRES" />
		</Unit>
		<Extensions>
			<lib_finder disable_auto="1" />
		</Extensions>
	</Project>
</CodeBlocks_project_file>
